
Microsoft Visual Studio Solution File, Format Version 11.00
# Visual Studio 2010
# SharpDevelop 5.1
Project("{FAE04EC0-301F-11D3-BF4B-00C04F79EFBC}") = "SmsSender", "SmsSender.csproj", "{E01CC7D1-E6DE-480D-A4F0-1A716CABB2A6}"
EndProject
Global
	GlobalSection(SolutionConfigurationPlatforms) = preSolution
		Debug|Any CPU = Debug|Any CPU
		Release|Any CPU = Release|Any CPU
	EndGlobalSection
	GlobalSection(ProjectConfigurationPlatforms) = postSolution
		{E01CC7D1-E6DE-480D-A4F0-1A716CABB2A6}.Debug|Any CPU.ActiveCfg = Debug|Any CPU
		{E01CC7D1-E6DE-480D-A4F0-1A716CABB2A6}.Debug|Any CPU.Build.0 = Debug|Any CPU
		{E01CC7D1-E6DE-480D-A4F0-1A716CABB2A6}.Release|Any CPU.ActiveCfg = Release|Any CPU
		{E01CC7D1-E6DE-480D-A4F0-1A716CABB2A6}.Release|Any CPU.Build.0 = Release|Any CPU
	EndGlobalSection
EndGlobal
